// !$*UTF8*$!
{
	archiveVersion = 1;
	classes = {
	};
	objectVersion = 56;
	objects = {

/* Begin PBXBuildFile section */
		2E748D00295076BA007A6A59 /* CarouselApp.swift in Sources */ = {isa = PBXBuildFile; fileRef = 2E748CFF295076BA007A6A59 /* CarouselApp.swift */; };
		2E748D02295076BA007A6A59 /* ContentView.swift in Sources */ = {isa = PBXBuildFile; fileRef = 2E748D01295076BA007A6A59 /* ContentView.swift */; };
		2E748D04295076BA007A6A59 /* Assets.xcassets in Resources */ = {isa = PBXBuildFile; fileRef = 2E748D03295076BA007A6A59 /* Assets.xcassets */; };
		2E748D07295076BA007A6A59 /* Preview Assets.xcassets in Resources */ = {isa = PBXBuildFile; fileRef = 2E748D06295076BA007A6A59 /* Preview Assets.xcassets */; };
		2E748D1429507835007A6A59 /* HomeView.swift in Sources */ = {isa = PBXBuildFile; fileRef = 2E748D1329507835007A6A59 /* HomeView.swift */; };
		2E748D162950785C007A6A59 /* HomeViewModel.swift in Sources */ = {isa = PBXBuildFile; fileRef = 2E748D152950785C007A6A59 /* HomeViewModel.swift */; };
		2E748D1829507878007A6A59 /* ViewModelBase.swift in Sources */ = {isa = PBXBuildFile; fileRef = 2E748D1729507878007A6A59 /* ViewModelBase.swift */; };
		2E748D1B295078FF007A6A59 /* SlashKit in Frameworks */ = {isa = PBXBuildFile; productRef = 2E748D1A295078FF007A6A59 /* SlashKit */; };
		2E748D1D29507A0D007A6A59 /* AppData.swift in Sources */ = {isa = PBXBuildFile; fileRef = 2E748D1C29507A0D007A6A59 /* AppData.swift */; };
		2E748D1F29507A37007A6A59 /* CarouselView.swift in Sources */ = {isa = PBXBuildFile; fileRef = 2E748D1E29507A37007A6A59 /* CarouselView.swift */; };
		2E748D212950802C007A6A59 /* AuthManager.swift in Sources */ = {isa = PBXBuildFile; fileRef = 2E748D202950802C007A6A59 /* AuthManager.swift */; };
/* End PBXBuildFile section */

/* Begin PBXFileReference section */
		2E748CFC295076BA007A6A59 /* Carousel.app */ = {isa = PBXFileReference; explicitFileType = wrapper.application; includeInIndex = 0; path = Carousel.app; sourceTree = BUILT_PRODUCTS_DIR; };
		2E748CFF295076BA007A6A59 /* CarouselApp.swift */ = {isa = PBXFileReference; lastKnownFileType = sourcecode.swift; path = CarouselApp.swift; sourceTree = "<group>"; };
		2E748D01295076BA007A6A59 /* ContentView.swift */ = {isa = PBXFileReference; lastKnownFileType = sourcecode.swift; path = ContentView.swift; sourceTree = "<group>"; };
		2E748D03295076BA007A6A59 /* Assets.xcassets */ = {isa = PBXFileReference; lastKnownFileType = folder.assetcatalog; path = Assets.xcassets; sourceTree = "<group>"; };
		2E748D06295076BA007A6A59 /* Preview Assets.xcassets */ = {isa = PBXFileReference; lastKnownFileType = folder.assetcatalog; path = "Preview Assets.xcassets"; sourceTree = "<group>"; };
		2E748D1329507835007A6A59 /* HomeView.swift */ = {isa = PBXFileReference; lastKnownFileType = sourcecode.swift; path = HomeView.swift; sourceTree = "<group>"; };
		2E748D152950785C007A6A59 /* HomeViewModel.swift */ = {isa = PBXFileReference; lastKnownFileType = sourcecode.swift; path = HomeViewModel.swift; sourceTree = "<group>"; };
		2E748D1729507878007A6A59 /* ViewModelBase.swift */ = {isa = PBXFileReference; lastKnownFileType = sourcecode.swift; path = ViewModelBase.swift; sourceTree = "<group>"; };
		2E748D1C29507A0D007A6A59 /* AppData.swift */ = {isa = PBXFileReference; lastKnownFileType = sourcecode.swift; path = AppData.swift; sourceTree = "<group>"; };
		2E748D1E29507A37007A6A59 /* CarouselView.swift */ = {isa = PBXFileReference; lastKnownFileType = sourcecode.swift; path = CarouselView.swift; sourceTree = "<group>"; };
		2E748D202950802C007A6A59 /* AuthManager.swift */ = {isa = PBXFileReference; lastKnownFileType = sourcecode.swift; path = AuthManager.swift; sourceTree = "<group>"; };
/* End PBXFileReference section */

/* Begin PBXFrameworksBuildPhase section */
		2E748CF9295076BA007A6A59 /* Frameworks */ = {
			isa = PBXFrameworksBuildPhase;
			buildActionMask = 2147483647;
			files = (
				2E748D1B295078FF007A6A59 /* SlashKit in Frameworks */,
			);
			runOnlyForDeploymentPostprocessing = 0;
		};
/* End PBXFrameworksBuildPhase section */

/* Begin PBXGroup section */
		2E748CF3295076B9007A6A59 = {
			isa = PBXGroup;
			children = (
				2E748CFE295076BA007A6A59 /* Carousel */,
				2E748CFD295076BA007A6A59 /* Products */,
			);
			sourceTree = "<group>";
		};
		2E748CFD295076BA007A6A59 /* Products */ = {
			isa = PBXGroup;
			children = (
				2E748CFC295076BA007A6A59 /* Carousel.app */,
			);
			name = Products;
			sourceTree = "<group>";
		};
		2E748CFE295076BA007A6A59 /* Carousel */ = {
			isa = PBXGroup;
			children = (
				2E748CFF295076BA007A6A59 /* CarouselApp.swift */,
				2E748D01295076BA007A6A59 /* ContentView.swift */,
				2E748D03295076BA007A6A59 /* Assets.xcassets */,
				2E748D12295077D9007A6A59 /* Models */,
				2E748D0D295077AA007A6A59 /* Pages */,
				2E748D0F295077C0007A6A59 /* ViewModels */,
				2E748D0E295077B1007A6A59 /* Views */,
				2E748D05295076BA007A6A59 /* Preview Content */,
			);
			path = Carousel;
			sourceTree = "<group>";
		};
		2E748D05295076BA007A6A59 /* Preview Content */ = {
			isa = PBXGroup;
			children = (
				2E748D06295076BA007A6A59 /* Preview Assets.xcassets */,
			);
			path = "Preview Content";
			sourceTree = "<group>";
		};
		2E748D0D295077AA007A6A59 /* Pages */ = {
			isa = PBXGroup;
			children = (
				2E748D1329507835007A6A59 /* HomeView.swift */,
			);
			path = Pages;
			sourceTree = "<group>";
		};
		2E748D0E295077B1007A6A59 /* Views */ = {
			isa = PBXGroup;
			children = (
				2E748D1E29507A37007A6A59 /* CarouselView.swift */,
			);
			path = Views;
			sourceTree = "<group>";
		};
		2E748D0F295077C0007A6A59 /* ViewModels */ = {
			isa = PBXGroup;
			children = (
				2E748D1729507878007A6A59 /* ViewModelBase.swift */,
				2E748D11295077D3007A6A59 /* Pages */,
				2E748D10295077CE007A6A59 /* Views */,
			);
			path = ViewModels;
			sourceTree = "<group>";
		};
		2E748D10295077CE007A6A59 /* Views */ = {
			isa = PBXGroup;
			children = (
			);
			path = Views;
			sourceTree = "<group>";
		};
		2E748D11295077D3007A6A59 /* Pages */ = {
			isa = PBXGroup;
			children = (
				2E748D152950785C007A6A59 /* HomeViewModel.swift */,
			);
			path = Pages;
			sourceTree = "<group>";
		};
		2E748D12295077D9007A6A59 /* Models */ = {
			isa = PBXGroup;
			children = (
				2E748D1C29507A0D007A6A59 /* AppData.swift */,
				2E748D202950802C007A6A59 /* AuthManager.swift */,
			);
			path = Models;
			sourceTree = "<group>";
		};
/* End PBXGroup section */

/* Begin PBXNativeTarget section */
		2E748CFB295076BA007A6A59 /* Carousel */ = {
			isa = PBXNativeTarget;
			buildConfigurationList = 2E748D0A295076BA007A6A59 /* Build configuration list for PBXNativeTarget "Carousel" */;
			buildPhases = (
				2E748CF8295076BA007A6A59 /* Sources */,
				2E748CF9295076BA007A6A59 /* Frameworks */,
				2E748CFA295076BA007A6A59 /* Resources */,
			);
			buildRules = (
			);
			dependencies = (
			);
			name = Carousel;
			packageProductDependencies = (
				2E748D1A295078FF007A6A59 /* SlashKit */,
			);
			productName = Carousel;
			productReference = 2E748CFC295076BA007A6A59 /* Carousel.app */;
			productType = "com.apple.product-type.application";
		};
/* End PBXNativeTarget section */

/* Begin PBXProject section */
		2E748CF4295076B9007A6A59 /* Project object */ = {
			isa = PBXProject;
			attributes = {
				BuildIndependentTargetsInParallel = 1;
				LastSwiftUpdateCheck = 1400;
				LastUpgradeCheck = 1400;
				TargetAttributes = {
					2E748CFB295076BA007A6A59 = {
						CreatedOnToolsVersion = 14.0;
					};
				};
			};
			buildConfigurationList = 2E748CF7295076B9007A6A59 /* Build configuration list for PBXProject "Carousel" */;
			compatibilityVersion = "Xcode 14.0";
			developmentRegion = en;
			hasScannedForEncodings = 0;
			knownRegions = (
				en,
				Base,
			);
			mainGroup = 2E748CF3295076B9007A6A59;
			packageReferences = (
				2E748D19295078FF007A6A59 /* XCRemoteSwiftPackageReference "SlashKit" */,
			);
			productRefGroup = 2E748CFD295076BA007A6A59 /* Products */;
			projectDirPath = "";
			projectRoot = "";
			targets = (
				2E748CFB295076BA007A6A59 /* Carousel */,
			);
		};
/* End PBXProject section */

/* Begin PBXResourcesBuildPhase section */
		2E748CFA295076BA007A6A59 /* Resources */ = {
			isa = PBXResourcesBuildPhase;
			buildActionMask = 2147483647;
			files = (
				2E748D07295076BA007A6A59 /* Preview Assets.xcassets in Resources */,
				2E748D04295076BA007A6A59 /* Assets.xcassets in Resources */,
			);
			runOnlyForDeploymentPostprocessing = 0;
		};
/* End PBXResourcesBuildPhase section */

/* Begin PBXSourcesBuildPhase section */
		2E748CF8295076BA007A6A59 /* Sources */ = {
			isa = PBXSourcesBuildPhase;
			buildActionMask = 2147483647;
			files = (
				2E748D1829507878007A6A59 /* ViewModelBase.swift in Sources */,
				2E748D212950802C007A6A59 /* AuthManager.swift in Sources */,
				2E748D1429507835007A6A59 /* HomeView.swift in Sources */,
				2E748D02295076BA007A6A59 /* ContentView.swift in Sources */,
				2E748D00295076BA007A6A59 /* CarouselApp.swift in Sources */,
				2E748D1F29507A37007A6A59 /* CarouselView.swift in Sources */,
				2E748D162950785C007A6A59 /* HomeViewModel.swift in Sources */,
				2E748D1D29507A0D007A6A59 /* AppData.swift in Sources */,
			);
			runOnlyForDeploymentPostprocessing = 0;
		};
/* End PBXSourcesBuildPhase section */

/* Begin XCBuildConfiguration section */
		2E748D08295076BA007A6A59 /* Debug */ = {
			isa = XCBuildConfiguration;
			buildSettings = {
				ALWAYS_SEARCH_USER_PATHS = NO;
				CLANG_ANALYZER_NONNULL = YES;
				CLANG_ANALYZER_NUMBER_OBJECT_CONVERSION = YES_AGGRESSIVE;
				CLANG_CXX_LANGUAGE_STANDARD = "gnu++20";
				CLANG_ENABLE_MODULES = YES;
				CLANG_ENABLE_OBJC_ARC = YES;
				CLANG_ENABLE_OBJC_WEAK = YES;
				CLANG_WARN_BLOCK_CAPTURE_AUTORELEASING = YES;
				CLANG_WARN_BOOL_CONVERSION = YES;
				CLANG_WARN_COMMA = YES;
				CLANG_WARN_CONSTANT_CONVERSION = YES;
				CLANG_WARN_DEPRECATED_OBJC_IMPLEMENTATIONS = YES;
				CLANG_WARN_DIRECT_OBJC_ISA_USAGE = YES_ERROR;
				CLANG_WARN_DOCUMENTATION_COMMENTS = YES;
				CLANG_WARN_EMPTY_BODY = YES;
				CLANG_WARN_ENUM_CONVERSION = YES;
				CLANG_WARN_INFINITE_RECURSION = YES;
				CLANG_WARN_INT_CONVERSION = YES;
				CLANG_WARN_NON_LITERAL_NULL_CONVERSION = YES;
				CLANG_WARN_OBJC_IMPLICIT_RETAIN_SELF = YES;
				CLANG_WARN_OBJC_LITERAL_CONVERSION = YES;
				CLANG_WARN_OBJC_ROOT_CLASS = YES_ERROR;
				CLANG_WARN_QUOTED_INCLUDE_IN_FRAMEWORK_HEADER = YES;
				CLANG_WARN_RANGE_LOOP_ANALYSIS = YES;
				CLANG_WARN_STRICT_PROTOTYPES = YES;
				CLANG_WARN_SUSPICIOUS_MOVE = YES;
				CLANG_WARN_UNGUARDED_AVAILABILITY = YES_AGGRESSIVE;
				CLANG_WARN_UNREACHABLE_CODE = YES;
				CLANG_WARN__DUPLICATE_METHOD_MATCH = YES;
				COPY_PHASE_STRIP = NO;
				DEBUG_INFORMATION_FORMAT = dwarf;
				ENABLE_STRICT_OBJC_MSGSEND = YES;
				ENABLE_TESTABILITY = YES;
				GCC_C_LANGUAGE_STANDARD = gnu11;
				GCC_DYNAMIC_NO_PIC = NO;
				GCC_NO_COMMON_BLOCKS = YES;
				GCC_OPTIMIZATION_LEVEL = 0;
				GCC_PREPROCESSOR_DEFINITIONS = (
					"DEBUG=1",
					"$(inherited)",
				);
				GCC_WARN_64_TO_32_BIT_CONVERSION = YES;
				GCC_WARN_ABOUT_RETURN_TYPE = YES_ERROR;
				GCC_WARN_UNDECLARED_SELECTOR = YES;
				GCC_WARN_UNINITIALIZED_AUTOS = YES_AGGRESSIVE;
				GCC_WARN_UNUSED_FUNCTION = YES;
				GCC_WARN_UNUSED_VARIABLE = YES;
				IPHONEOS_DEPLOYMENT_TARGET = 15.0;
				MTL_ENABLE_DEBUG_INFO = INCLUDE_SOURCE;
				MTL_FAST_MATH = YES;
				ONLY_ACTIVE_ARCH = YES;
				SDKROOT = iphoneos;
				SWIFT_ACTIVE_COMPILATION_CONDITIONS = DEBUG;
				SWIFT_OPTIMIZATION_LEVEL = "-Onone";
			};
			name = Debug;
		};
		2E748D09295076BA007A6A59 /* Release */ = {
			isa = XCBuildConfiguration;
			buildSettings = {
				ALWAYS_SEARCH_USER_PATHS = NO;
				CLANG_ANALYZER_NONNULL = YES;
				CLANG_ANALYZER_NUMBER_OBJECT_CONVERSION = YES_AGGRESSIVE;
				CLANG_CXX_LANGUAGE_STANDARD = "gnu++20";
				CLANG_ENABLE_MODULES = YES;
				CLANG_ENABLE_OBJC_ARC = YES;
				CLANG_ENABLE_OBJC_WEAK = YES;
				CLANG_WARN_BLOCK_CAPTURE_AUTORELEASING = YES;
				CLANG_WARN_BOOL_CONVERSION = YES;
				CLANG_WARN_COMMA = YES;
				CLANG_WARN_CONSTANT_CONVERSION = YES;
				CLANG_WARN_DEPRECATED_OBJC_IMPLEMENTATIONS = YES;
				CLANG_WARN_DIRECT_OBJC_ISA_USAGE = YES_ERROR;
				CLANG_WARN_DOCUMENTATION_COMMENTS = YES;
				CLANG_WARN_EMPTY_BODY = YES;
				CLANG_WARN_ENUM_CONVERSION = YES;
				CLANG_WARN_INFINITE_RECURSION = YES;
				CLANG_WARN_INT_CONVERSION = YES;
				CLANG_WARN_NON_LITERAL_NULL_CONVERSION = YES;
				CLANG_WARN_OBJC_IMPLICIT_RETAIN_SELF = YES;
				CLANG_WARN_OBJC_LITERAL_CONVERSION = YES;
				CLANG_WARN_OBJC_ROOT_CLASS = YES_ERROR;
				CLANG_WARN_QUOTED_INCLUDE_IN_FRAMEWORK_HEADER = YES;
				CLANG_WARN_RANGE_LOOP_ANALYSIS = YES;
				CLANG_WARN_STRICT_PROTOTYPES = YES;
				CLANG_WARN_SUSPICIOUS_MOVE = YES;
				CLANG_WARN_UNGUARDED_AVAILABILITY = YES_AGGRESSIVE;
				CLANG_WARN_UNREACHABLE_CODE = YES;
				CLANG_WARN__DUPLICATE_METHOD_MATCH = YES;
				COPY_PHASE_STRIP = NO;
				DEBUG_INFORMATION_FORMAT = "dwarf-with-dsym";
				ENABLE_NS_ASSERTIONS = NO;
				ENABLE_STRICT_OBJC_MSGSEND = YES;
				GCC_C_LANGUAGE_STANDARD = gnu11;
				GCC_NO_COMMON_BLOCKS = YES;
				GCC_WARN_64_TO_32_BIT_CONVERSION = YES;
				GCC_WARN_ABOUT_RETURN_TYPE = YES_ERROR;
				GCC_WARN_UNDECLARED_SELECTOR = YES;
				GCC_WARN_UNINITIALIZED_AUTOS = YES_AGGRESSIVE;
				GCC_WARN_UNUSED_FUNCTION = YES;
				GCC_WARN_UNUSED_VARIABLE = YES;
				IPHONEOS_DEPLOYMENT_TARGET = 15.0;
				MTL_ENABLE_DEBUG_INFO = NO;
				MTL_FAST_MATH = YES;
				SDKROOT = iphoneos;
				SWIFT_COMPILATION_MODE = wholemodule;
				SWIFT_OPTIMIZATION_LEVEL = "-O";
				VALIDATE_PRODUCT = YES;
			};
			name = Release;
		};
		2E748D0B295076BA007A6A59 /* Debug */ = {
			isa = XCBuildConfiguration;
			buildSettings = {
				ASSETCATALOG_COMPILER_APPICON_NAME = AppIcon;
				ASSETCATALOG_COMPILER_GLOBAL_ACCENT_COLOR_NAME = AccentColor;
				CODE_SIGN_STYLE = Automatic;
				CURRENT_PROJECT_VERSION = 1;
				DEVELOPMENT_ASSET_PATHS = "\"Carousel/Preview Content\"";
				DEVELOPMENT_TEAM = 3S8XC6A264;
				ENABLE_PREVIEWS = YES;
				GENERATE_INFOPLIST_FILE = YES;
				INFOPLIST_KEY_CFBundleDisplayName = Carousel;
				INFOPLIST_KEY_LSApplicationCategoryType = "public.app-category.music";
				INFOPLIST_KEY_UIApplicationSceneManifest_Generation = YES;
				INFOPLIST_KEY_UIApplicationSupportsIndirectInputEvents = YES;
				INFOPLIST_KEY_UILaunchScreen_Generation = YES;
				INFOPLIST_KEY_UISupportedInterfaceOrientations = "UIInterfaceOrientationLandscapeLeft UIInterfaceOrientationLandscapeRight UIInterfaceOrientationPortrait";
				IPHONEOS_DEPLOYMENT_TARGET = 15.0;
				LD_RUNPATH_SEARCH_PATHS = (
					"$(inherited)",
					"@executable_path/Frameworks",
				);
				MARKETING_VERSION = 1.0;
				PRODUCT_BUNDLE_IDENTIFIER = com.Cameron.Slash.Carousel;
				PRODUCT_NAME = "$(TARGET_NAME)";
				SWIFT_EMIT_LOC_STRINGS = YES;
				SWIFT_VERSION = 5.0;
				TARGETED_DEVICE_FAMILY = "1,2";
			};
			name = Debug;
		};
		2E748D0C295076BA007A6A59 /* Release */ = {
			isa = XCBuildConfiguration;
			buildSettings = {
				ASSETCATALOG_COMPILER_APPICON_NAME = AppIcon;
				ASSETCATALOG_COMPILER_GLOBAL_ACCENT_COLOR_NAME = AccentColor;
				CODE_SIGN_STYLE = Automatic;
				CURRENT_PROJECT_VERSION = 1;
				DEVELOPMENT_ASSET_PATHS = "\"Carousel/Preview Content\"";
				DEVELOPMENT_TEAM = 3S8XC6A264;
				ENABLE_PREVIEWS = YES;
				GENERATE_INFOPLIST_FILE = YES;
				INFOPLIST_KEY_CFBundleDisplayName = Carousel;
				INFOPLIST_KEY_LSApplicationCategoryType = "public.app-category.music";
				INFOPLIST_KEY_UIApplicationSceneManifest_Generation = YES;
				INFOPLIST_KEY_UIApplicationSupportsIndirectInputEvents = YES;
				INFOPLIST_KEY_UILaunchScreen_Generation = YES;
				INFOPLIST_KEY_UISupportedInterfaceOrientations = "UIInterfaceOrientationLandscapeLeft UIInterfaceOrientationLandscapeRight UIInterfaceOrientationPortrait";
				IPHONEOS_DEPLOYMENT_TARGET = 15.0;
				LD_RUNPATH_SEARCH_PATHS = (
					"$(inherited)",
					"@executable_path/Frameworks",
				);
				MARKETING_VERSION = 1.0;
				PRODUCT_BUNDLE_IDENTIFIER = com.Cameron.Slash.Carousel;
				PRODUCT_NAME = "$(TARGET_NAME)";
				SWIFT_EMIT_LOC_STRINGS = YES;
				SWIFT_VERSION = 5.0;
				TARGETED_DEVICE_FAMILY = "1,2";
			};
			name = Release;
		};
/* End XCBuildConfiguration section */

/* Begin XCConfigurationList section */
		2E748CF7295076B9007A6A59 /* Build configuration list for PBXProject "Carousel" */ = {
			isa = XCConfigurationList;
			buildConfigurations = (
				2E748D08295076BA007A6A59 /* Debug */,
				2E748D09295076BA007A6A59 /* Release */,
			);
			defaultConfigurationIsVisible = 0;
			defaultConfigurationName = Release;
		};
		2E748D0A295076BA007A6A59 /* Build configuration list for PBXNativeTarget "Carousel" */ = {
			isa = XCConfigurationList;
			buildConfigurations = (
				2E748D0B295076BA007A6A59 /* Debug */,
				2E748D0C295076BA007A6A59 /* Release */,
			);
			defaultConfigurationIsVisible = 0;
			defaultConfigurationName = Release;
		};
/* End XCConfigurationList section */

/* Begin XCRemoteSwiftPackageReference section */
		2E748D19295078FF007A6A59 /* XCRemoteSwiftPackageReference "SlashKit" */ = {
			isa = XCRemoteSwiftPackageReference;
			repositoryURL = "https://github.com/caslash/SlashKit";
			requirement = {
				branch = main;
				kind = branch;
			};
		};
/* End XCRemoteSwiftPackageReference section */

/* Begin XCSwiftPackageProductDependency section */
		2E748D1A295078FF007A6A59 /* SlashKit */ = {
			isa = XCSwiftPackageProductDependency;
			package = 2E748D19295078FF007A6A59 /* XCRemoteSwiftPackageReference "SlashKit" */;
			productName = SlashKit;
		};
/* End XCSwiftPackageProductDependency section */
	};
	rootObject = 2E748CF4295076B9007A6A59 /* Project object */;
}
